// !$*UTF8*$!
{
	archiveVersion = 1;
	classes = {
	};
	objectVersion = 50;
	objects = {

/* Begin PBXBuildFile section */
		F0C05BFA2538382900F92ABA /* AppDelegate.swift in Sources */ = {isa = PBXBuildFile; fileRef = F0C05BF92538382900F92ABA /* AppDelegate.swift */; };
		F0C05BFE2538382900F92ABA /* HistoryViewController.swift in Sources */ = {isa = PBXBuildFile; fileRef = F0C05BFD2538382900F92ABA /* HistoryViewController.swift */; };
		F0C05C032538382C00F92ABA /* Assets.xcassets in Resources */ = {isa = PBXBuildFile; fileRef = F0C05C022538382C00F92ABA /* Assets.xcassets */; };
		F0C05C062538382C00F92ABA /* LaunchScreen.storyboard in Resources */ = {isa = PBXBuildFile; fileRef = F0C05C042538382C00F92ABA /* LaunchScreen.storyboard */; };
		F0E9E02B2538509700D9954F /* Factories.swift in Sources */ = {isa = PBXBuildFile; fileRef = F0E9E02A2538509700D9954F /* Factories.swift */; };
		F0E9E02E2538628900D9954F /* HistoryViewCell.swift in Sources */ = {isa = PBXBuildFile; fileRef = F0E9E02D2538628900D9954F /* HistoryViewCell.swift */; };
		F0E9E03125386C1F00D9954F /* HistoryService.swift in Sources */ = {isa = PBXBuildFile; fileRef = F0E9E03025386C1F00D9954F /* HistoryService.swift */; };
		F0E9E03425386C8200D9954F /* HistoryViewModel.swift in Sources */ = {isa = PBXBuildFile; fileRef = F0E9E03325386C8200D9954F /* HistoryViewModel.swift */; };
/* End PBXBuildFile section */

/* Begin PBXFileReference section */
		F0C05BF62538382900F92ABA /* HistoryView.app */ = {isa = PBXFileReference; explicitFileType = wrapper.application; includeInIndex = 0; path = HistoryView.app; sourceTree = BUILT_PRODUCTS_DIR; };
		F0C05BF92538382900F92ABA /* AppDelegate.swift */ = {isa = PBXFileReference; lastKnownFileType = sourcecode.swift; path = AppDelegate.swift; sourceTree = "<group>"; };
		F0C05BFD2538382900F92ABA /* HistoryViewController.swift */ = {isa = PBXFileReference; lastKnownFileType = sourcecode.swift; path = HistoryViewController.swift; sourceTree = "<group>"; };
		F0C05C022538382C00F92ABA /* Assets.xcassets */ = {isa = PBXFileReference; lastKnownFileType = folder.assetcatalog; path = Assets.xcassets; sourceTree = "<group>"; };
		F0C05C052538382C00F92ABA /* Base */ = {isa = PBXFileReference; lastKnownFileType = file.storyboard; name = Base; path = Base.lproj/LaunchScreen.storyboard; sourceTree = "<group>"; };
		F0C05C072538382C00F92ABA /* Info.plist */ = {isa = PBXFileReference; lastKnownFileType = text.plist.xml; path = Info.plist; sourceTree = "<group>"; };
		F0E9E02A2538509700D9954F /* Factories.swift */ = {isa = PBXFileReference; lastKnownFileType = sourcecode.swift; path = Factories.swift; sourceTree = "<group>"; };
		F0E9E02D2538628900D9954F /* HistoryViewCell.swift */ = {isa = PBXFileReference; lastKnownFileType = sourcecode.swift; path = HistoryViewCell.swift; sourceTree = "<group>"; };
		F0E9E03025386C1F00D9954F /* HistoryService.swift */ = {isa = PBXFileReference; lastKnownFileType = sourcecode.swift; path = HistoryService.swift; sourceTree = "<group>"; };
		F0E9E03325386C8200D9954F /* HistoryViewModel.swift */ = {isa = PBXFileReference; lastKnownFileType = sourcecode.swift; path = HistoryViewModel.swift; sourceTree = "<group>"; };
/* End PBXFileReference section */

/* Begin PBXFrameworksBuildPhase section */
		F0C05BF32538382900F92ABA /* Frameworks */ = {
			isa = PBXFrameworksBuildPhase;
			buildActionMask = 2147483647;
			files = (
			);
			runOnlyForDeploymentPostprocessing = 0;
		};
/* End PBXFrameworksBuildPhase section */

/* Begin PBXGroup section */
		F0C05BED2538382900F92ABA = {
			isa = PBXGroup;
			children = (
				F0C05BF82538382900F92ABA /* HistoryView */,
				F0C05BF72538382900F92ABA /* Products */,
			);
			sourceTree = "<group>";
		};
		F0C05BF72538382900F92ABA /* Products */ = {
			isa = PBXGroup;
			children = (
				F0C05BF62538382900F92ABA /* HistoryView.app */,
			);
			name = Products;
			sourceTree = "<group>";
		};
		F0C05BF82538382900F92ABA /* HistoryView */ = {
			isa = PBXGroup;
			children = (
				F0C05C1025383F6700F92ABA /* SupportFiles */,
				F0C05BF92538382900F92ABA /* AppDelegate.swift */,
				F0C05BFD2538382900F92ABA /* HistoryViewController.swift */,
				F0E9E02A2538509700D9954F /* Factories.swift */,
				F0E9E02D2538628900D9954F /* HistoryViewCell.swift */,
				F0E9E03025386C1F00D9954F /* HistoryService.swift */,
				F0E9E03325386C8200D9954F /* HistoryViewModel.swift */,
			);
			path = HistoryView;
			sourceTree = "<group>";
		};
		F0C05C1025383F6700F92ABA /* SupportFiles */ = {
			isa = PBXGroup;
			children = (
				F0C05C022538382C00F92ABA /* Assets.xcassets */,
				F0C05C042538382C00F92ABA /* LaunchScreen.storyboard */,
				F0C05C072538382C00F92ABA /* Info.plist */,
			);
			name = SupportFiles;
			sourceTree = "<group>";
		};
/* End PBXGroup section */

/* Begin PBXNativeTarget section */
		F0C05BF52538382900F92ABA /* HistoryView */ = {
			isa = PBXNativeTarget;
			buildConfigurationList = F0C05C0A2538382C00F92ABA /* Build configuration list for PBXNativeTarget "HistoryView" */;
			buildPhases = (
				F0C05BF22538382900F92ABA /* Sources */,
				F0C05BF32538382900F92ABA /* Frameworks */,
				F0C05BF42538382900F92ABA /* Resources */,
			);
			buildRules = (
			);
			dependencies = (
			);
			name = HistoryView;
			productName = HistoryView;
			productReference = F0C05BF62538382900F92ABA /* HistoryView.app */;
			productType = "com.apple.product-type.application";
		};
/* End PBXNativeTarget section */

/* Begin PBXProject section */
		F0C05BEE2538382900F92ABA /* Project object */ = {
			isa = PBXProject;
			attributes = {
				LastSwiftUpdateCheck = 1200;
				LastUpgradeCheck = 1200;
				TargetAttributes = {
					F0C05BF52538382900F92ABA = {
						CreatedOnToolsVersion = 12.0.1;
					};
				};
			};
			buildConfigurationList = F0C05BF12538382900F92ABA /* Build configuration list for PBXProject "HistoryView" */;
			compatibilityVersion = "Xcode 9.3";
			developmentRegion = en;
			hasScannedForEncodings = 0;
			knownRegions = (
				en,
				Base,
			);
			mainGroup = F0C05BED2538382900F92ABA;
			productRefGroup = F0C05BF72538382900F92ABA /* Products */;
			projectDirPath = "";
			projectRoot = "";
			targets = (
				F0C05BF52538382900F92ABA /* HistoryView */,
			);
		};
/* End PBXProject section */

/* Begin PBXResourcesBuildPhase section */
		F0C05BF42538382900F92ABA /* Resources */ = {
			isa = PBXResourcesBuildPhase;
			buildActionMask = 2147483647;
			files = (
				F0C05C062538382C00F92ABA /* LaunchScreen.storyboard in Resources */,
				F0C05C032538382C00F92ABA /* Assets.xcassets in Resources */,
			);
			runOnlyForDeploymentPostprocessing = 0;
		};
/* End PBXResourcesBuildPhase section */

/* Begin PBXSourcesBuildPhase section */
		F0C05BF22538382900F92ABA /* Sources */ = {
			isa = PBXSourcesBuildPhase;
			buildActionMask = 2147483647;
			files = (
				F0E9E02B2538509700D9954F /* Factories.swift in Sources */,
				F0E9E03425386C8200D9954F /* HistoryViewModel.swift in Sources */,
				F0E9E02E2538628900D9954F /* HistoryViewCell.swift in Sources */,
				F0E9E03125386C1F00D9954F /* HistoryService.swift in Sources */,
				F0C05BFE2538382900F92ABA /* HistoryViewController.swift in Sources */,
				F0C05BFA2538382900F92ABA /* AppDelegate.swift in Sources */,
			);
			runOnlyForDeploymentPostprocessing = 0;
		};
/* End PBXSourcesBuildPhase section */

/* Begin PBXVariantGroup section */
		F0C05C042538382C00F92ABA /* LaunchScreen.storyboard */ = {
			isa = PBXVariantGroup;
			children = (
				F0C05C052538382C00F92ABA /* Base */,
			);
			name = LaunchScreen.storyboard;
			sourceTree = "<group>";
		};
/* End PBXVariantGroup section */

/* Begin XCBuildConfiguration section */
		F0C05C082538382C00F92ABA /* Debug */ = {
			isa = XCBuildConfiguration;
			buildSettings = {
				ALWAYS_SEARCH_USER_PATHS = NO;
				CLANG_ANALYZER_NONNULL = YES;
				CLANG_ANALYZER_NUMBER_OBJECT_CONVERSION = YES_AGGRESSIVE;
				CLANG_CXX_LANGUAGE_STANDARD = "gnu++14";
				CLANG_CXX_LIBRARY = "libc++";
				CLANG_ENABLE_MODULES = YES;
				CLANG_ENABLE_OBJC_ARC = YES;
				CLANG_ENABLE_OBJC_WEAK = YES;
				CLANG_WARN_BLOCK_CAPTURE_AUTORELEASING = YES;
				CLANG_WARN_BOOL_CONVERSION = YES;
				CLANG_WARN_COMMA = YES;
				CLANG_WARN_CONSTANT_CONVERSION = YES;
				CLANG_WARN_DEPRECATED_OBJC_IMPLEMENTATIONS = YES;
				CLANG_WARN_DIRECT_OBJC_ISA_USAGE = YES_ERROR;
				CLANG_WARN_DOCUMENTATION_COMMENTS = YES;
				CLANG_WARN_EMPTY_BODY = YES;
				CLANG_WARN_ENUM_CONVERSION = YES;
				CLANG_WARN_INFINITE_RECURSION = YES;
				CLANG_WARN_INT_CONVERSION = YES;
				CLANG_WARN_NON_LITERAL_NULL_CONVERSION = YES;
				CLANG_WARN_OBJC_IMPLICIT_RETAIN_SELF = YES;
				CLANG_WARN_OBJC_LITERAL_CONVERSION = YES;
				CLANG_WARN_OBJC_ROOT_CLASS = YES_ERROR;
				CLANG_WARN_QUOTED_INCLUDE_IN_FRAMEWORK_HEADER = YES;
				CLANG_WARN_RANGE_LOOP_ANALYSIS = YES;
				CLANG_WARN_STRICT_PROTOTYPES = YES;
				CLANG_WARN_SUSPICIOUS_MOVE = YES;
				CLANG_WARN_UNGUARDED_AVAILABILITY = YES_AGGRESSIVE;
				CLANG_WARN_UNREACHABLE_CODE = YES;
				CLANG_WARN__DUPLICATE_METHOD_MATCH = YES;
				COPY_PHASE_STRIP = NO;
				DEBUG_INFORMATION_FORMAT = dwarf;
				ENABLE_STRICT_OBJC_MSGSEND = YES;
				ENABLE_TESTABILITY = YES;
				GCC_C_LANGUAGE_STANDARD = gnu11;
				GCC_DYNAMIC_NO_PIC = NO;
				GCC_NO_COMMON_BLOCKS = YES;
				GCC_OPTIMIZATION_LEVEL = 0;
				GCC_PREPROCESSOR_DEFINITIONS = (
					"DEBUG=1",
					"$(inherited)",
				);
				GCC_WARN_64_TO_32_BIT_CONVERSION = YES;
				GCC_WARN_ABOUT_RETURN_TYPE = YES_ERROR;
				GCC_WARN_UNDECLARED_SELECTOR = YES;
				GCC_WARN_UNINITIALIZED_AUTOS = YES_AGGRESSIVE;
				GCC_WARN_UNUSED_FUNCTION = YES;
				GCC_WARN_UNUSED_VARIABLE = YES;
				IPHONEOS_DEPLOYMENT_TARGET = 14.0;
				MTL_ENABLE_DEBUG_INFO = INCLUDE_SOURCE;
				MTL_FAST_MATH = YES;
				ONLY_ACTIVE_ARCH = YES;
				SDKROOT = iphoneos;
				SWIFT_ACTIVE_COMPILATION_CONDITIONS = DEBUG;
				SWIFT_OPTIMIZATION_LEVEL = "-Onone";
			};
			name = Debug;
		};
		F0C05C092538382C00F92ABA /* Release */ = {
			isa = XCBuildConfiguration;
			buildSettings = {
				ALWAYS_SEARCH_USER_PATHS = NO;
				CLANG_ANALYZER_NONNULL = YES;
				CLANG_ANALYZER_NUMBER_OBJECT_CONVERSION = YES_AGGRESSIVE;
				CLANG_CXX_LANGUAGE_STANDARD = "gnu++14";
				CLANG_CXX_LIBRARY = "libc++";
				CLANG_ENABLE_MODULES = YES;
				CLANG_ENABLE_OBJC_ARC = YES;
				CLANG_ENABLE_OBJC_WEAK = YES;
				CLANG_WARN_BLOCK_CAPTURE_AUTORELEASING = YES;
				CLANG_WARN_BOOL_CONVERSION = YES;
				CLANG_WARN_COMMA = YES;
				CLANG_WARN_CONSTANT_CONVERSION = YES;
				CLANG_WARN_DEPRECATED_OBJC_IMPLEMENTATIONS = YES;
				CLANG_WARN_DIRECT_OBJC_ISA_USAGE = YES_ERROR;
				CLANG_WARN_DOCUMENTATION_COMMENTS = YES;
				CLANG_WARN_EMPTY_BODY = YES;
				CLANG_WARN_ENUM_CONVERSION = YES;
				CLANG_WARN_INFINITE_RECURSION = YES;
				CLANG_WARN_INT_CONVERSION = YES;
				CLANG_WARN_NON_LITERAL_NULL_CONVERSION = YES;
				CLANG_WARN_OBJC_IMPLICIT_RETAIN_SELF = YES;
				CLANG_WARN_OBJC_LITERAL_CONVERSION = YES;
				CLANG_WARN_OBJC_ROOT_CLASS = YES_ERROR;
				CLANG_WARN_QUOTED_INCLUDE_IN_FRAMEWORK_HEADER = YES;
				CLANG_WARN_RANGE_LOOP_ANALYSIS = YES;
				CLANG_WARN_STRICT_PROTOTYPES = YES;
				CLANG_WARN_SUSPICIOUS_MOVE = YES;
				CLANG_WARN_UNGUARDED_AVAILABILITY = YES_AGGRESSIVE;
				CLANG_WARN_UNREACHABLE_CODE = YES;
				CLANG_WARN__DUPLICATE_METHOD_MATCH = YES;
				COPY_PHASE_STRIP = NO;
				DEBUG_INFORMATION_FORMAT = "dwarf-with-dsym";
				ENABLE_NS_ASSERTIONS = NO;
				ENABLE_STRICT_OBJC_MSGSEND = YES;
				GCC_C_LANGUAGE_STANDARD = gnu11;
				GCC_NO_COMMON_BLOCKS = YES;
				GCC_WARN_64_TO_32_BIT_CONVERSION = YES;
				GCC_WARN_ABOUT_RETURN_TYPE = YES_ERROR;
				GCC_WARN_UNDECLARED_SELECTOR = YES;
				GCC_WARN_UNINITIALIZED_AUTOS = YES_AGGRESSIVE;
				GCC_WARN_UNUSED_FUNCTION = YES;
				GCC_WARN_UNUSED_VARIABLE = YES;
				IPHONEOS_DEPLOYMENT_TARGET = 14.0;
				MTL_ENABLE_DEBUG_INFO = NO;
				MTL_FAST_MATH = YES;
				SDKROOT = iphoneos;
				SWIFT_COMPILATION_MODE = wholemodule;
				SWIFT_OPTIMIZATION_LEVEL = "-O";
				VALIDATE_PRODUCT = YES;
			};
			name = Release;
		};
		F0C05C0B2538382C00F92ABA /* Debug */ = {
			isa = XCBuildConfiguration;
			buildSettings = {
				ASSETCATALOG_COMPILER_APPICON_NAME = AppIcon;
				ASSETCATALOG_COMPILER_GLOBAL_ACCENT_COLOR_NAME = AccentColor;
				CODE_SIGN_STYLE = Automatic;
				DEVELOPMENT_TEAM = ATN68Q8Z3E;
				INFOPLIST_FILE = HistoryView/Info.plist;
				LD_RUNPATH_SEARCH_PATHS = (
					"$(inherited)",
					"@executable_path/Frameworks",
				);
				PRODUCT_BUNDLE_IDENTIFIER = test.HistoryView;
				PRODUCT_NAME = "$(TARGET_NAME)";
				SWIFT_VERSION = 5.0;
				TARGETED_DEVICE_FAMILY = "1,2";
			};
			name = Debug;
		};
		F0C05C0C2538382C00F92ABA /* Release */ = {
			isa = XCBuildConfiguration;
			buildSettings = {
				ASSETCATALOG_COMPILER_APPICON_NAME = AppIcon;
				ASSETCATALOG_COMPILER_GLOBAL_ACCENT_COLOR_NAME = AccentColor;
				CODE_SIGN_STYLE = Automatic;
				DEVELOPMENT_TEAM = ATN68Q8Z3E;
				INFOPLIST_FILE = HistoryView/Info.plist;
				LD_RUNPATH_SEARCH_PATHS = (
					"$(inherited)",
					"@executable_path/Frameworks",
				);
				PRODUCT_BUNDLE_IDENTIFIER = test.HistoryView;
				PRODUCT_NAME = "$(TARGET_NAME)";
				SWIFT_VERSION = 5.0;
				TARGETED_DEVICE_FAMILY = "1,2";
			};
			name = Release;
		};
/* End XCBuildConfiguration section */

/* Begin XCConfigurationList section */
		F0C05BF12538382900F92ABA /* Build configuration list for PBXProject "HistoryView" */ = {
			isa = XCConfigurationList;
			buildConfigurations = (
				F0C05C082538382C00F92ABA /* Debug */,
				F0C05C092538382C00F92ABA /* Release */,
			);
			defaultConfigurationIsVisible = 0;
			defaultConfigurationName = Release;
		};
		F0C05C0A2538382C00F92ABA /* Build configuration list for PBXNativeTarget "HistoryView" */ = {
			isa = XCConfigurationList;
			buildConfigurations = (
				F0C05C0B2538382C00F92ABA /* Debug */,
				F0C05C0C2538382C00F92ABA /* Release */,
			);
			defaultConfigurationIsVisible = 0;
			defaultConfigurationName = Release;
		};
/* End XCConfigurationList section */
	};
	rootObject = F0C05BEE2538382900F92ABA /* Project object */;
}
